
Microsoft Visual Studio Solution File, Format Version 12.00
# Visual Studio Version 16
VisualStudioVersion = 16.0.30611.23
MinimumVisualStudioVersion = 10.0.40219.1
Project("{FAE04EC0-301F-11D3-BF4B-00C04F79EFBC}") = "Lista doblemente enlazada circular", "Lista doblemente enlazada circular\Lista doblemente enlazada circular.csproj", "{F886C0A9-1E2B-4D1F-A719-7287A2FA817C}"
EndProject
Global
	GlobalSection(SolutionConfigurationPlatforms) = preSolution
		Debug|Any CPU = Debug|Any CPU
		Release|Any CPU = Release|Any CPU
	EndGlobalSection
	GlobalSection(ProjectConfigurationPlatforms) = postSolution
		{F886C0A9-1E2B-4D1F-A719-7287A2FA817C}.Debug|Any CPU.ActiveCfg = Debug|Any CPU
		{F886C0A9-1E2B-4D1F-A719-7287A2FA817C}.Debug|Any CPU.Build.0 = Debug|Any CPU
		{F886C0A9-1E2B-4D1F-A719-7287A2FA817C}.Release|Any CPU.ActiveCfg = Release|Any CPU
		{F886C0A9-1E2B-4D1F-A719-7287A2FA817C}.Release|Any CPU.Build.0 = Release|Any CPU
	EndGlobalSection
	GlobalSection(SolutionProperties) = preSolution
		HideSolutionNode = FALSE
	EndGlobalSection
	GlobalSection(ExtensibilityGlobals) = postSolution
		SolutionGuid = {CAC07DAE-F95E-4B35-91DB-4FF0312918C2}
	EndGlobalSection
EndGlobal
