
Microsoft Visual Studio Solution File, Format Version 12.00
# Visual Studio Version 16
VisualStudioVersion = 16.0.30128.74
MinimumVisualStudioVersion = 10.0.40219.1
Project("{FAE04EC0-301F-11D3-BF4B-00C04F79EFBC}") = "List Nodes Queue Isaac Haro", "List Nodes Queue Isaac Haro\List Nodes Queue Isaac Haro.csproj", "{56001BFC-34D6-4178-ABAE-1FAA9A60814D}"
EndProject
Global
	GlobalSection(SolutionConfigurationPlatforms) = preSolution
		Debug|Any CPU = Debug|Any CPU
		Release|Any CPU = Release|Any CPU
	EndGlobalSection
	GlobalSection(ProjectConfigurationPlatforms) = postSolution
		{56001BFC-34D6-4178-ABAE-1FAA9A60814D}.Debug|Any CPU.ActiveCfg = Debug|Any CPU
		{56001BFC-34D6-4178-ABAE-1FAA9A60814D}.Debug|Any CPU.Build.0 = Debug|Any CPU
		{56001BFC-34D6-4178-ABAE-1FAA9A60814D}.Release|Any CPU.ActiveCfg = Release|Any CPU
		{56001BFC-34D6-4178-ABAE-1FAA9A60814D}.Release|Any CPU.Build.0 = Release|Any CPU
	EndGlobalSection
	GlobalSection(SolutionProperties) = preSolution
		HideSolutionNode = FALSE
	EndGlobalSection
	GlobalSection(ExtensibilityGlobals) = postSolution
		SolutionGuid = {28587162-0E1B-4FDB-BC41-68A7DC95EBE9}
	EndGlobalSection
EndGlobal
